
Microsoft Visual Studio Solution File, Format Version 12.00
# Visual Studio 14
VisualStudioVersion = 14.0.25420.1
MinimumVisualStudioVersion = 10.0.40219.1
Project("{FAE04EC0-301F-11D3-BF4B-00C04F79EFBC}") = "cSharpConcept1", "cSharpConcept1\cSharpConcept1.csproj", "{6B4459EA-2229-4EB0-A521-77ED0AA582EB}"
EndProject
Project("{FAE04EC0-301F-11D3-BF4B-00C04F79EFBC}") = "cSharpConcept2", "cSharpConcept2\cSharpConcept2.csproj", "{740C057E-E941-4441-9DF0-D619C2B2F85B}"
EndProject
Project("{FAE04EC0-301F-11D3-BF4B-00C04F79EFBC}") = "cSharpConcept3", "cSharpConcept3\cSharpConcept3.csproj", "{D7A7C09B-6750-4398-BE70-F4D5F0F8BD5E}"
EndProject
Project("{2150E333-8FDC-42A3-9474-1A3956D46DE8}") = "Solution Items", "Solution Items", "{9B8A90EF-E74F-4905-ABE5-8BFD1BEEF0AA}"
	ProjectSection(SolutionItems) = preProject
		CSharpConceptNotes.txt = CSharpConceptNotes.txt
	EndProjectSection
EndProject
Global
	GlobalSection(SolutionConfigurationPlatforms) = preSolution
		Debug|Any CPU = Debug|Any CPU
		Release|Any CPU = Release|Any CPU
	EndGlobalSection
	GlobalSection(ProjectConfigurationPlatforms) = postSolution
		{6B4459EA-2229-4EB0-A521-77ED0AA582EB}.Debug|Any CPU.ActiveCfg = Debug|Any CPU
		{6B4459EA-2229-4EB0-A521-77ED0AA582EB}.Debug|Any CPU.Build.0 = Debug|Any CPU
		{6B4459EA-2229-4EB0-A521-77ED0AA582EB}.Release|Any CPU.ActiveCfg = Release|Any CPU
		{6B4459EA-2229-4EB0-A521-77ED0AA582EB}.Release|Any CPU.Build.0 = Release|Any CPU
		{740C057E-E941-4441-9DF0-D619C2B2F85B}.Debug|Any CPU.ActiveCfg = Debug|Any CPU
		{740C057E-E941-4441-9DF0-D619C2B2F85B}.Debug|Any CPU.Build.0 = Debug|Any CPU
		{740C057E-E941-4441-9DF0-D619C2B2F85B}.Release|Any CPU.ActiveCfg = Release|Any CPU
		{740C057E-E941-4441-9DF0-D619C2B2F85B}.Release|Any CPU.Build.0 = Release|Any CPU
		{D7A7C09B-6750-4398-BE70-F4D5F0F8BD5E}.Debug|Any CPU.ActiveCfg = Debug|Any CPU
		{D7A7C09B-6750-4398-BE70-F4D5F0F8BD5E}.Debug|Any CPU.Build.0 = Debug|Any CPU
		{D7A7C09B-6750-4398-BE70-F4D5F0F8BD5E}.Release|Any CPU.ActiveCfg = Release|Any CPU
		{D7A7C09B-6750-4398-BE70-F4D5F0F8BD5E}.Release|Any CPU.Build.0 = Release|Any CPU
	EndGlobalSection
	GlobalSection(SolutionProperties) = preSolution
		HideSolutionNode = FALSE
	EndGlobalSection
	GlobalSection(ExtensibilityGlobals) = postSolution
		SolutionGuid = {A940FC17-4CD0-4FCB-A52B-043B35BF01E0}
	EndGlobalSection
EndGlobal
